// !$*UTF8*$!
{
	archiveVersion = 1;
	classes = {
	};
	objectVersion = 55;
	objects = {

/* Begin PBXBuildFile section */
		138F32A88A4BAE5CD0DDF9BB /* Pods_CurrencyConverterApp.framework in Frameworks */ = {isa = PBXBuildFile; fileRef = AD99AA37698C3C059DC85846 /* Pods_CurrencyConverterApp.framework */; };
		D728F9752944DE2500A94152 /* CurrencyServices.swift in Sources */ = {isa = PBXBuildFile; fileRef = D728F9742944DE2400A94152 /* CurrencyServices.swift */; };
		D728F9782944E25800A94152 /* CurrencyRatesNetwork.swift in Sources */ = {isa = PBXBuildFile; fileRef = D728F9772944E25800A94152 /* CurrencyRatesNetwork.swift */; };
		D728F97B2944EBBC00A94152 /* CurrencyRatesResponse.swift in Sources */ = {isa = PBXBuildFile; fileRef = D728F97A2944EBBC00A94152 /* CurrencyRatesResponse.swift */; };
		D728F97D2944ED4400A94152 /* ErrorResponce.swift in Sources */ = {isa = PBXBuildFile; fileRef = D728F97C2944ED4400A94152 /* ErrorResponce.swift */; };
		D7889E412944A9FA0043D5FA /* AppDelegate.swift in Sources */ = {isa = PBXBuildFile; fileRef = D7889E402944A9FA0043D5FA /* AppDelegate.swift */; };
		D7889E432944A9FA0043D5FA /* SceneDelegate.swift in Sources */ = {isa = PBXBuildFile; fileRef = D7889E422944A9FA0043D5FA /* SceneDelegate.swift */; };
		D7889E4A2944A9FC0043D5FA /* Assets.xcassets in Resources */ = {isa = PBXBuildFile; fileRef = D7889E492944A9FC0043D5FA /* Assets.xcassets */; };
		D7889E4D2944A9FC0043D5FA /* LaunchScreen.storyboard in Resources */ = {isa = PBXBuildFile; fileRef = D7889E4B2944A9FC0043D5FA /* LaunchScreen.storyboard */; };
		D7889E562944AA310043D5FA /* CurrencyRatesViewController.swift in Sources */ = {isa = PBXBuildFile; fileRef = D7889E542944AA310043D5FA /* CurrencyRatesViewController.swift */; };
		D7889E572944AA310043D5FA /* CurrencyRatesViewController.xib in Resources */ = {isa = PBXBuildFile; fileRef = D7889E552944AA310043D5FA /* CurrencyRatesViewController.xib */; };
		D7889E632944ACC40043D5FA /* FontsConstants.swift in Sources */ = {isa = PBXBuildFile; fileRef = D7889E602944ACC40043D5FA /* FontsConstants.swift */; };
		D7889E642944ACC40043D5FA /* URLConstants.swift in Sources */ = {isa = PBXBuildFile; fileRef = D7889E612944ACC40043D5FA /* URLConstants.swift */; };
		D7889E652944ACC40043D5FA /* KeyConstants.swift in Sources */ = {isa = PBXBuildFile; fileRef = D7889E622944ACC40043D5FA /* KeyConstants.swift */; };
		D7889E6A2944ACF30043D5FA /* EmptyView.swift in Sources */ = {isa = PBXBuildFile; fileRef = D7889E682944ACF30043D5FA /* EmptyView.swift */; };
		D7889E6B2944ACF30043D5FA /* EmptyView.xib in Resources */ = {isa = PBXBuildFile; fileRef = D7889E692944ACF30043D5FA /* EmptyView.xib */; };
		D7ECB8B3294500E300E3D304 /* UITableView+Register.swift in Sources */ = {isa = PBXBuildFile; fileRef = D7ECB8B2294500E300E3D304 /* UITableView+Register.swift */; };
		D7ECB8B62945012200E3D304 /* CurrencyRateTableViewCell.swift in Sources */ = {isa = PBXBuildFile; fileRef = D7ECB8B42945012200E3D304 /* CurrencyRateTableViewCell.swift */; };
		D7ECB8B72945012200E3D304 /* CurrencyRateTableViewCell.xib in Resources */ = {isa = PBXBuildFile; fileRef = D7ECB8B52945012200E3D304 /* CurrencyRateTableViewCell.xib */; };
		D7ECB8B92945059000E3D304 /* UITableViewCell+Configuration.swift in Sources */ = {isa = PBXBuildFile; fileRef = D7ECB8B82945059000E3D304 /* UITableViewCell+Configuration.swift */; };
		D7ECB8BC29456D6800E3D304 /* CurrencyListViewModel.swift in Sources */ = {isa = PBXBuildFile; fileRef = D7ECB8BB29456D6800E3D304 /* CurrencyListViewModel.swift */; };
		D7ECB8C029457E0500E3D304 /* UIViewController+Extension.swift in Sources */ = {isa = PBXBuildFile; fileRef = D7ECB8BF29457E0500E3D304 /* UIViewController+Extension.swift */; };
		D7ECB8C2294583B300E3D304 /* CurrencyCellViewModel.swift in Sources */ = {isa = PBXBuildFile; fileRef = D7ECB8C1294583B300E3D304 /* CurrencyCellViewModel.swift */; };
/* End PBXBuildFile section */

/* Begin PBXFileReference section */
		1469D40D0312DDBAD75106E8 /* Pods-CurrencyConverterApp.release.xcconfig */ = {isa = PBXFileReference; includeInIndex = 1; lastKnownFileType = text.xcconfig; name = "Pods-CurrencyConverterApp.release.xcconfig"; path = "Target Support Files/Pods-CurrencyConverterApp/Pods-CurrencyConverterApp.release.xcconfig"; sourceTree = "<group>"; };
		4C7D234A3230FF23F573F3E9 /* Pods-CurrencyConverterApp.debug.xcconfig */ = {isa = PBXFileReference; includeInIndex = 1; lastKnownFileType = text.xcconfig; name = "Pods-CurrencyConverterApp.debug.xcconfig"; path = "Target Support Files/Pods-CurrencyConverterApp/Pods-CurrencyConverterApp.debug.xcconfig"; sourceTree = "<group>"; };
		AD99AA37698C3C059DC85846 /* Pods_CurrencyConverterApp.framework */ = {isa = PBXFileReference; explicitFileType = wrapper.framework; includeInIndex = 0; path = Pods_CurrencyConverterApp.framework; sourceTree = BUILT_PRODUCTS_DIR; };
		D728F9742944DE2400A94152 /* CurrencyServices.swift */ = {isa = PBXFileReference; lastKnownFileType = sourcecode.swift; path = CurrencyServices.swift; sourceTree = "<group>"; };
		D728F9772944E25800A94152 /* CurrencyRatesNetwork.swift */ = {isa = PBXFileReference; lastKnownFileType = sourcecode.swift; path = CurrencyRatesNetwork.swift; sourceTree = "<group>"; };
		D728F97A2944EBBC00A94152 /* CurrencyRatesResponse.swift */ = {isa = PBXFileReference; lastKnownFileType = sourcecode.swift; path = CurrencyRatesResponse.swift; sourceTree = "<group>"; };
		D728F97C2944ED4400A94152 /* ErrorResponce.swift */ = {isa = PBXFileReference; fileEncoding = 4; lastKnownFileType = sourcecode.swift; path = ErrorResponce.swift; sourceTree = "<group>"; };
		D7889E3D2944A9FA0043D5FA /* CurrencyConverterApp.app */ = {isa = PBXFileReference; explicitFileType = wrapper.application; includeInIndex = 0; path = CurrencyConverterApp.app; sourceTree = BUILT_PRODUCTS_DIR; };
		D7889E402944A9FA0043D5FA /* AppDelegate.swift */ = {isa = PBXFileReference; lastKnownFileType = sourcecode.swift; path = AppDelegate.swift; sourceTree = "<group>"; };
		D7889E422944A9FA0043D5FA /* SceneDelegate.swift */ = {isa = PBXFileReference; lastKnownFileType = sourcecode.swift; path = SceneDelegate.swift; sourceTree = "<group>"; };
		D7889E492944A9FC0043D5FA /* Assets.xcassets */ = {isa = PBXFileReference; lastKnownFileType = folder.assetcatalog; path = Assets.xcassets; sourceTree = "<group>"; };
		D7889E4C2944A9FC0043D5FA /* Base */ = {isa = PBXFileReference; lastKnownFileType = file.storyboard; name = Base; path = Base.lproj/LaunchScreen.storyboard; sourceTree = "<group>"; };
		D7889E4E2944A9FC0043D5FA /* Info.plist */ = {isa = PBXFileReference; lastKnownFileType = text.plist.xml; path = Info.plist; sourceTree = "<group>"; };
		D7889E542944AA310043D5FA /* CurrencyRatesViewController.swift */ = {isa = PBXFileReference; lastKnownFileType = sourcecode.swift; path = CurrencyRatesViewController.swift; sourceTree = "<group>"; };
		D7889E552944AA310043D5FA /* CurrencyRatesViewController.xib */ = {isa = PBXFileReference; lastKnownFileType = file.xib; path = CurrencyRatesViewController.xib; sourceTree = "<group>"; };
		D7889E602944ACC40043D5FA /* FontsConstants.swift */ = {isa = PBXFileReference; fileEncoding = 4; lastKnownFileType = sourcecode.swift; path = FontsConstants.swift; sourceTree = "<group>"; };
		D7889E612944ACC40043D5FA /* URLConstants.swift */ = {isa = PBXFileReference; fileEncoding = 4; lastKnownFileType = sourcecode.swift; path = URLConstants.swift; sourceTree = "<group>"; };
		D7889E622944ACC40043D5FA /* KeyConstants.swift */ = {isa = PBXFileReference; fileEncoding = 4; lastKnownFileType = sourcecode.swift; path = KeyConstants.swift; sourceTree = "<group>"; };
		D7889E682944ACF30043D5FA /* EmptyView.swift */ = {isa = PBXFileReference; fileEncoding = 4; lastKnownFileType = sourcecode.swift; path = EmptyView.swift; sourceTree = "<group>"; };
		D7889E692944ACF30043D5FA /* EmptyView.xib */ = {isa = PBXFileReference; fileEncoding = 4; lastKnownFileType = file.xib; path = EmptyView.xib; sourceTree = "<group>"; };
		D7ECB8B2294500E300E3D304 /* UITableView+Register.swift */ = {isa = PBXFileReference; fileEncoding = 4; lastKnownFileType = sourcecode.swift; path = "UITableView+Register.swift"; sourceTree = "<group>"; };
		D7ECB8B42945012200E3D304 /* CurrencyRateTableViewCell.swift */ = {isa = PBXFileReference; lastKnownFileType = sourcecode.swift; path = CurrencyRateTableViewCell.swift; sourceTree = "<group>"; };
		D7ECB8B52945012200E3D304 /* CurrencyRateTableViewCell.xib */ = {isa = PBXFileReference; lastKnownFileType = file.xib; path = CurrencyRateTableViewCell.xib; sourceTree = "<group>"; };
		D7ECB8B82945059000E3D304 /* UITableViewCell+Configuration.swift */ = {isa = PBXFileReference; lastKnownFileType = sourcecode.swift; path = "UITableViewCell+Configuration.swift"; sourceTree = "<group>"; };
		D7ECB8BB29456D6800E3D304 /* CurrencyListViewModel.swift */ = {isa = PBXFileReference; lastKnownFileType = sourcecode.swift; path = CurrencyListViewModel.swift; sourceTree = "<group>"; };
		D7ECB8BF29457E0500E3D304 /* UIViewController+Extension.swift */ = {isa = PBXFileReference; lastKnownFileType = sourcecode.swift; path = "UIViewController+Extension.swift"; sourceTree = "<group>"; };
		D7ECB8C1294583B300E3D304 /* CurrencyCellViewModel.swift */ = {isa = PBXFileReference; lastKnownFileType = sourcecode.swift; path = CurrencyCellViewModel.swift; sourceTree = "<group>"; };
/* End PBXFileReference section */

/* Begin PBXFrameworksBuildPhase section */
		D7889E3A2944A9FA0043D5FA /* Frameworks */ = {
			isa = PBXFrameworksBuildPhase;
			buildActionMask = 2147483647;
			files = (
				138F32A88A4BAE5CD0DDF9BB /* Pods_CurrencyConverterApp.framework in Frameworks */,
			);
			runOnlyForDeploymentPostprocessing = 0;
		};
/* End PBXFrameworksBuildPhase section */

/* Begin PBXGroup section */
		334A239041C299D0A10EDDDE /* Pods */ = {
			isa = PBXGroup;
			children = (
				4C7D234A3230FF23F573F3E9 /* Pods-CurrencyConverterApp.debug.xcconfig */,
				1469D40D0312DDBAD75106E8 /* Pods-CurrencyConverterApp.release.xcconfig */,
			);
			path = Pods;
			sourceTree = "<group>";
		};
		4C7591C4BCCA4C8615787875 /* Frameworks */ = {
			isa = PBXGroup;
			children = (
				AD99AA37698C3C059DC85846 /* Pods_CurrencyConverterApp.framework */,
			);
			name = Frameworks;
			sourceTree = "<group>";
		};
		D728F9702944DD9200A94152 /* Repositories */ = {
			isa = PBXGroup;
			children = (
				D728F9762944E1D900A94152 /* Network */,
				D728F9722944DDD400A94152 /* Services */,
			);
			path = Repositories;
			sourceTree = "<group>";
		};
		D728F9722944DDD400A94152 /* Services */ = {
			isa = PBXGroup;
			children = (
				D728F9742944DE2400A94152 /* CurrencyServices.swift */,
			);
			path = Services;
			sourceTree = "<group>";
		};
		D728F9762944E1D900A94152 /* Network */ = {
			isa = PBXGroup;
			children = (
				D728F9772944E25800A94152 /* CurrencyRatesNetwork.swift */,
			);
			path = Network;
			sourceTree = "<group>";
		};
		D728F9792944EB9700A94152 /* Models */ = {
			isa = PBXGroup;
			children = (
				D728F97A2944EBBC00A94152 /* CurrencyRatesResponse.swift */,
				D728F97C2944ED4400A94152 /* ErrorResponce.swift */,
			);
			path = Models;
			sourceTree = "<group>";
		};
		D7889E342944A9FA0043D5FA = {
			isa = PBXGroup;
			children = (
				D7889E3F2944A9FA0043D5FA /* CurrencyConverterApp */,
				D7889E3E2944A9FA0043D5FA /* Products */,
				334A239041C299D0A10EDDDE /* Pods */,
				4C7591C4BCCA4C8615787875 /* Frameworks */,
			);
			sourceTree = "<group>";
		};
		D7889E3E2944A9FA0043D5FA /* Products */ = {
			isa = PBXGroup;
			children = (
				D7889E3D2944A9FA0043D5FA /* CurrencyConverterApp.app */,
			);
			name = Products;
			sourceTree = "<group>";
		};
		D7889E3F2944A9FA0043D5FA /* CurrencyConverterApp */ = {
			isa = PBXGroup;
			children = (
				D7889E592944AC360043D5FA /* AppDelegate */,
				D728F9792944EB9700A94152 /* Models */,
				D7889E662944ACCF0043D5FA /* Utilities */,
				D7889E5E2944ACA30043D5FA /* Support */,
				D728F9702944DD9200A94152 /* Repositories */,
				D7889E5A2944AC530043D5FA /* Scenes */,
				D7889E582944AB240043D5FA /* Resources */,
				D7889E4E2944A9FC0043D5FA /* Info.plist */,
			);
			path = CurrencyConverterApp;
			sourceTree = "<group>";
		};
		D7889E582944AB240043D5FA /* Resources */ = {
			isa = PBXGroup;
			children = (
				D7889E492944A9FC0043D5FA /* Assets.xcassets */,
				D7889E4B2944A9FC0043D5FA /* LaunchScreen.storyboard */,
			);
			path = Resources;
			sourceTree = "<group>";
		};
		D7889E592944AC360043D5FA /* AppDelegate */ = {
			isa = PBXGroup;
			children = (
				D7889E402944A9FA0043D5FA /* AppDelegate.swift */,
				D7889E422944A9FA0043D5FA /* SceneDelegate.swift */,
			);
			path = AppDelegate;
			sourceTree = "<group>";
		};
		D7889E5A2944AC530043D5FA /* Scenes */ = {
			isa = PBXGroup;
			children = (
				D7ECB8C32945854900E3D304 /* CurrencyRateCell */,
				D7889E5B2944AC5D0043D5FA /* CurrencyRatesList */,
			);
			path = Scenes;
			sourceTree = "<group>";
		};
		D7889E5B2944AC5D0043D5FA /* CurrencyRatesList */ = {
			isa = PBXGroup;
			children = (
				D7ECB8BA29456D3F00E3D304 /* ViewModel */,
				D7889E5C2944AC800043D5FA /* View */,
			);
			path = CurrencyRatesList;
			sourceTree = "<group>";
		};
		D7889E5C2944AC800043D5FA /* View */ = {
			isa = PBXGroup;
			children = (
				D7889E542944AA310043D5FA /* CurrencyRatesViewController.swift */,
				D7889E552944AA310043D5FA /* CurrencyRatesViewController.xib */,
			);
			path = View;
			sourceTree = "<group>";
		};
		D7889E5E2944ACA30043D5FA /* Support */ = {
			isa = PBXGroup;
			children = (
				D7ECB8AF2945009200E3D304 /* Extensions */,
				D7889E5F2944ACAB0043D5FA /* Constants */,
			);
			path = Support;
			sourceTree = "<group>";
		};
		D7889E5F2944ACAB0043D5FA /* Constants */ = {
			isa = PBXGroup;
			children = (
				D7889E602944ACC40043D5FA /* FontsConstants.swift */,
				D7889E622944ACC40043D5FA /* KeyConstants.swift */,
				D7889E612944ACC40043D5FA /* URLConstants.swift */,
			);
			path = Constants;
			sourceTree = "<group>";
		};
		D7889E662944ACCF0043D5FA /* Utilities */ = {
			isa = PBXGroup;
			children = (
				D7889E672944ACDC0043D5FA /* EmptyView */,
			);
			path = Utilities;
			sourceTree = "<group>";
		};
		D7889E672944ACDC0043D5FA /* EmptyView */ = {
			isa = PBXGroup;
			children = (
				D7889E682944ACF30043D5FA /* EmptyView.swift */,
				D7889E692944ACF30043D5FA /* EmptyView.xib */,
			);
			path = EmptyView;
			sourceTree = "<group>";
		};
		D7ECB8AF2945009200E3D304 /* Extensions */ = {
			isa = PBXGroup;
			children = (
				D7ECB8B1294500A200E3D304 /* Foundation */,
				D7ECB8B02945009B00E3D304 /* UIKit */,
			);
			path = Extensions;
			sourceTree = "<group>";
		};
		D7ECB8B02945009B00E3D304 /* UIKit */ = {
			isa = PBXGroup;
			children = (
				D7ECB8B2294500E300E3D304 /* UITableView+Register.swift */,
				D7ECB8B82945059000E3D304 /* UITableViewCell+Configuration.swift */,
				D7ECB8BF29457E0500E3D304 /* UIViewController+Extension.swift */,
			);
			path = UIKit;
			sourceTree = "<group>";
		};
		D7ECB8B1294500A200E3D304 /* Foundation */ = {
			isa = PBXGroup;
			children = (
			);
			path = Foundation;
			sourceTree = "<group>";
		};
		D7ECB8BA29456D3F00E3D304 /* ViewModel */ = {
			isa = PBXGroup;
			children = (
				D7ECB8BB29456D6800E3D304 /* CurrencyListViewModel.swift */,
			);
			path = ViewModel;
			sourceTree = "<group>";
		};
		D7ECB8C32945854900E3D304 /* CurrencyRateCell */ = {
			isa = PBXGroup;
			children = (
				D7ECB8C52945856000E3D304 /* ViewModel */,
				D7ECB8C42945855900E3D304 /* View */,
			);
			path = CurrencyRateCell;
			sourceTree = "<group>";
		};
		D7ECB8C42945855900E3D304 /* View */ = {
			isa = PBXGroup;
			children = (
				D7ECB8B42945012200E3D304 /* CurrencyRateTableViewCell.swift */,
				D7ECB8B52945012200E3D304 /* CurrencyRateTableViewCell.xib */,
			);
			path = View;
			sourceTree = "<group>";
		};
		D7ECB8C52945856000E3D304 /* ViewModel */ = {
			isa = PBXGroup;
			children = (
				D7ECB8C1294583B300E3D304 /* CurrencyCellViewModel.swift */,
			);
			path = ViewModel;
			sourceTree = "<group>";
		};
/* End PBXGroup section */

/* Begin PBXNativeTarget section */
		D7889E3C2944A9FA0043D5FA /* CurrencyConverterApp */ = {
			isa = PBXNativeTarget;
			buildConfigurationList = D7889E512944A9FC0043D5FA /* Build configuration list for PBXNativeTarget "CurrencyConverterApp" */;
			buildPhases = (
				A36B0BBA8D1AAADE354F4048 /* [CP] Check Pods Manifest.lock */,
				D7889E392944A9FA0043D5FA /* Sources */,
				D7889E3A2944A9FA0043D5FA /* Frameworks */,
				D7889E3B2944A9FA0043D5FA /* Resources */,
				87BD699B7F739A3C2C2AD5D6 /* [CP] Embed Pods Frameworks */,
			);
			buildRules = (
			);
			dependencies = (
			);
			name = CurrencyConverterApp;
			productName = CurrencyConverterApp;
			productReference = D7889E3D2944A9FA0043D5FA /* CurrencyConverterApp.app */;
			productType = "com.apple.product-type.application";
		};
/* End PBXNativeTarget section */

/* Begin PBXProject section */
		D7889E352944A9FA0043D5FA /* Project object */ = {
			isa = PBXProject;
			attributes = {
				BuildIndependentTargetsInParallel = 1;
				LastSwiftUpdateCheck = 1330;
				LastUpgradeCheck = 1330;
				TargetAttributes = {
					D7889E3C2944A9FA0043D5FA = {
						CreatedOnToolsVersion = 13.3;
					};
				};
			};
			buildConfigurationList = D7889E382944A9FA0043D5FA /* Build configuration list for PBXProject "CurrencyConverterApp" */;
			compatibilityVersion = "Xcode 13.0";
			developmentRegion = en;
			hasScannedForEncodings = 0;
			knownRegions = (
				en,
				Base,
			);
			mainGroup = D7889E342944A9FA0043D5FA;
			productRefGroup = D7889E3E2944A9FA0043D5FA /* Products */;
			projectDirPath = "";
			projectRoot = "";
			targets = (
				D7889E3C2944A9FA0043D5FA /* CurrencyConverterApp */,
			);
		};
/* End PBXProject section */

/* Begin PBXResourcesBuildPhase section */
		D7889E3B2944A9FA0043D5FA /* Resources */ = {
			isa = PBXResourcesBuildPhase;
			buildActionMask = 2147483647;
			files = (
				D7889E6B2944ACF30043D5FA /* EmptyView.xib in Resources */,
				D7889E4D2944A9FC0043D5FA /* LaunchScreen.storyboard in Resources */,
				D7889E572944AA310043D5FA /* CurrencyRatesViewController.xib in Resources */,
				D7ECB8B72945012200E3D304 /* CurrencyRateTableViewCell.xib in Resources */,
				D7889E4A2944A9FC0043D5FA /* Assets.xcassets in Resources */,
			);
			runOnlyForDeploymentPostprocessing = 0;
		};
/* End PBXResourcesBuildPhase section */

/* Begin PBXShellScriptBuildPhase section */
		87BD699B7F739A3C2C2AD5D6 /* [CP] Embed Pods Frameworks */ = {
			isa = PBXShellScriptBuildPhase;
			buildActionMask = 2147483647;
			files = (
			);
			inputFileListPaths = (
				"${PODS_ROOT}/Target Support Files/Pods-CurrencyConverterApp/Pods-CurrencyConverterApp-frameworks-${CONFIGURATION}-input-files.xcfilelist",
			);
			name = "[CP] Embed Pods Frameworks";
			outputFileListPaths = (
				"${PODS_ROOT}/Target Support Files/Pods-CurrencyConverterApp/Pods-CurrencyConverterApp-frameworks-${CONFIGURATION}-output-files.xcfilelist",
			);
			runOnlyForDeploymentPostprocessing = 0;
			shellPath = /bin/sh;
			shellScript = "\"${PODS_ROOT}/Target Support Files/Pods-CurrencyConverterApp/Pods-CurrencyConverterApp-frameworks.sh\"\n";
			showEnvVarsInLog = 0;
		};
		A36B0BBA8D1AAADE354F4048 /* [CP] Check Pods Manifest.lock */ = {
			isa = PBXShellScriptBuildPhase;
			buildActionMask = 2147483647;
			files = (
			);
			inputFileListPaths = (
			);
			inputPaths = (
				"${PODS_PODFILE_DIR_PATH}/Podfile.lock",
				"${PODS_ROOT}/Manifest.lock",
			);
			name = "[CP] Check Pods Manifest.lock";
			outputFileListPaths = (
			);
			outputPaths = (
				"$(DERIVED_FILE_DIR)/Pods-CurrencyConverterApp-checkManifestLockResult.txt",
			);
			runOnlyForDeploymentPostprocessing = 0;
			shellPath = /bin/sh;
			shellScript = "diff \"${PODS_PODFILE_DIR_PATH}/Podfile.lock\" \"${PODS_ROOT}/Manifest.lock\" > /dev/null\nif [ $? != 0 ] ; then\n    # print error to STDERR\n    echo \"error: The sandbox is not in sync with the Podfile.lock. Run 'pod install' or update your CocoaPods installation.\" >&2\n    exit 1\nfi\n# This output is used by Xcode 'outputs' to avoid re-running this script phase.\necho \"SUCCESS\" > \"${SCRIPT_OUTPUT_FILE_0}\"\n";
			showEnvVarsInLog = 0;
		};
/* End PBXShellScriptBuildPhase section */

/* Begin PBXSourcesBuildPhase section */
		D7889E392944A9FA0043D5FA /* Sources */ = {
			isa = PBXSourcesBuildPhase;
			buildActionMask = 2147483647;
			files = (
				D7ECB8C029457E0500E3D304 /* UIViewController+Extension.swift in Sources */,
				D7ECB8B92945059000E3D304 /* UITableViewCell+Configuration.swift in Sources */,
				D7889E412944A9FA0043D5FA /* AppDelegate.swift in Sources */,
				D728F9782944E25800A94152 /* CurrencyRatesNetwork.swift in Sources */,
				D728F97D2944ED4400A94152 /* ErrorResponce.swift in Sources */,
				D7889E642944ACC40043D5FA /* URLConstants.swift in Sources */,
				D728F97B2944EBBC00A94152 /* CurrencyRatesResponse.swift in Sources */,
				D7889E432944A9FA0043D5FA /* SceneDelegate.swift in Sources */,
				D7ECB8BC29456D6800E3D304 /* CurrencyListViewModel.swift in Sources */,
				D7ECB8B3294500E300E3D304 /* UITableView+Register.swift in Sources */,
				D7889E632944ACC40043D5FA /* FontsConstants.swift in Sources */,
				D728F9752944DE2500A94152 /* CurrencyServices.swift in Sources */,
				D7ECB8C2294583B300E3D304 /* CurrencyCellViewModel.swift in Sources */,
				D7889E562944AA310043D5FA /* CurrencyRatesViewController.swift in Sources */,
				D7889E6A2944ACF30043D5FA /* EmptyView.swift in Sources */,
				D7ECB8B62945012200E3D304 /* CurrencyRateTableViewCell.swift in Sources */,
				D7889E652944ACC40043D5FA /* KeyConstants.swift in Sources */,
			);
			runOnlyForDeploymentPostprocessing = 0;
		};
/* End PBXSourcesBuildPhase section */

/* Begin PBXVariantGroup section */
		D7889E4B2944A9FC0043D5FA /* LaunchScreen.storyboard */ = {
			isa = PBXVariantGroup;
			children = (
				D7889E4C2944A9FC0043D5FA /* Base */,
			);
			name = LaunchScreen.storyboard;
			sourceTree = "<group>";
		};
/* End PBXVariantGroup section */

/* Begin XCBuildConfiguration section */
		D7889E4F2944A9FC0043D5FA /* Debug */ = {
			isa = XCBuildConfiguration;
			buildSettings = {
				ALWAYS_SEARCH_USER_PATHS = NO;
				CLANG_ANALYZER_NONNULL = YES;
				CLANG_ANALYZER_NUMBER_OBJECT_CONVERSION = YES_AGGRESSIVE;
				CLANG_CXX_LANGUAGE_STANDARD = "gnu++17";
				CLANG_ENABLE_MODULES = YES;
				CLANG_ENABLE_OBJC_ARC = YES;
				CLANG_ENABLE_OBJC_WEAK = YES;
				CLANG_WARN_BLOCK_CAPTURE_AUTORELEASING = YES;
				CLANG_WARN_BOOL_CONVERSION = YES;
				CLANG_WARN_COMMA = YES;
				CLANG_WARN_CONSTANT_CONVERSION = YES;
				CLANG_WARN_DEPRECATED_OBJC_IMPLEMENTATIONS = YES;
				CLANG_WARN_DIRECT_OBJC_ISA_USAGE = YES_ERROR;
				CLANG_WARN_DOCUMENTATION_COMMENTS = YES;
				CLANG_WARN_EMPTY_BODY = YES;
				CLANG_WARN_ENUM_CONVERSION = YES;
				CLANG_WARN_INFINITE_RECURSION = YES;
				CLANG_WARN_INT_CONVERSION = YES;
				CLANG_WARN_NON_LITERAL_NULL_CONVERSION = YES;
				CLANG_WARN_OBJC_IMPLICIT_RETAIN_SELF = YES;
				CLANG_WARN_OBJC_LITERAL_CONVERSION = YES;
				CLANG_WARN_OBJC_ROOT_CLASS = YES_ERROR;
				CLANG_WARN_QUOTED_INCLUDE_IN_FRAMEWORK_HEADER = YES;
				CLANG_WARN_RANGE_LOOP_ANALYSIS = YES;
				CLANG_WARN_STRICT_PROTOTYPES = YES;
				CLANG_WARN_SUSPICIOUS_MOVE = YES;
				CLANG_WARN_UNGUARDED_AVAILABILITY = YES_AGGRESSIVE;
				CLANG_WARN_UNREACHABLE_CODE = YES;
				CLANG_WARN__DUPLICATE_METHOD_MATCH = YES;
				COPY_PHASE_STRIP = NO;
				DEBUG_INFORMATION_FORMAT = dwarf;
				ENABLE_STRICT_OBJC_MSGSEND = YES;
				ENABLE_TESTABILITY = YES;
				GCC_C_LANGUAGE_STANDARD = gnu11;
				GCC_DYNAMIC_NO_PIC = NO;
				GCC_NO_COMMON_BLOCKS = YES;
				GCC_OPTIMIZATION_LEVEL = 0;
				GCC_PREPROCESSOR_DEFINITIONS = (
					"DEBUG=1",
					"$(inherited)",
				);
				GCC_WARN_64_TO_32_BIT_CONVERSION = YES;
				GCC_WARN_ABOUT_RETURN_TYPE = YES_ERROR;
				GCC_WARN_UNDECLARED_SELECTOR = YES;
				GCC_WARN_UNINITIALIZED_AUTOS = YES_AGGRESSIVE;
				GCC_WARN_UNUSED_FUNCTION = YES;
				GCC_WARN_UNUSED_VARIABLE = YES;
				IPHONEOS_DEPLOYMENT_TARGET = 15.4;
				MTL_ENABLE_DEBUG_INFO = INCLUDE_SOURCE;
				MTL_FAST_MATH = YES;
				ONLY_ACTIVE_ARCH = YES;
				SDKROOT = iphoneos;
				SWIFT_ACTIVE_COMPILATION_CONDITIONS = DEBUG;
				SWIFT_OPTIMIZATION_LEVEL = "-Onone";
			};
			name = Debug;
		};
		D7889E502944A9FC0043D5FA /* Release */ = {
			isa = XCBuildConfiguration;
			buildSettings = {
				ALWAYS_SEARCH_USER_PATHS = NO;
				CLANG_ANALYZER_NONNULL = YES;
				CLANG_ANALYZER_NUMBER_OBJECT_CONVERSION = YES_AGGRESSIVE;
				CLANG_CXX_LANGUAGE_STANDARD = "gnu++17";
				CLANG_ENABLE_MODULES = YES;
				CLANG_ENABLE_OBJC_ARC = YES;
				CLANG_ENABLE_OBJC_WEAK = YES;
				CLANG_WARN_BLOCK_CAPTURE_AUTORELEASING = YES;
				CLANG_WARN_BOOL_CONVERSION = YES;
				CLANG_WARN_COMMA = YES;
				CLANG_WARN_CONSTANT_CONVERSION = YES;
				CLANG_WARN_DEPRECATED_OBJC_IMPLEMENTATIONS = YES;
				CLANG_WARN_DIRECT_OBJC_ISA_USAGE = YES_ERROR;
				CLANG_WARN_DOCUMENTATION_COMMENTS = YES;
				CLANG_WARN_EMPTY_BODY = YES;
				CLANG_WARN_ENUM_CONVERSION = YES;
				CLANG_WARN_INFINITE_RECURSION = YES;
				CLANG_WARN_INT_CONVERSION = YES;
				CLANG_WARN_NON_LITERAL_NULL_CONVERSION = YES;
				CLANG_WARN_OBJC_IMPLICIT_RETAIN_SELF = YES;
				CLANG_WARN_OBJC_LITERAL_CONVERSION = YES;
				CLANG_WARN_OBJC_ROOT_CLASS = YES_ERROR;
				CLANG_WARN_QUOTED_INCLUDE_IN_FRAMEWORK_HEADER = YES;
				CLANG_WARN_RANGE_LOOP_ANALYSIS = YES;
				CLANG_WARN_STRICT_PROTOTYPES = YES;
				CLANG_WARN_SUSPICIOUS_MOVE = YES;
				CLANG_WARN_UNGUARDED_AVAILABILITY = YES_AGGRESSIVE;
				CLANG_WARN_UNREACHABLE_CODE = YES;
				CLANG_WARN__DUPLICATE_METHOD_MATCH = YES;
				COPY_PHASE_STRIP = NO;
				DEBUG_INFORMATION_FORMAT = "dwarf-with-dsym";
				ENABLE_NS_ASSERTIONS = NO;
				ENABLE_STRICT_OBJC_MSGSEND = YES;
				GCC_C_LANGUAGE_STANDARD = gnu11;
				GCC_NO_COMMON_BLOCKS = YES;
				GCC_WARN_64_TO_32_BIT_CONVERSION = YES;
				GCC_WARN_ABOUT_RETURN_TYPE = YES_ERROR;
				GCC_WARN_UNDECLARED_SELECTOR = YES;
				GCC_WARN_UNINITIALIZED_AUTOS = YES_AGGRESSIVE;
				GCC_WARN_UNUSED_FUNCTION = YES;
				GCC_WARN_UNUSED_VARIABLE = YES;
				IPHONEOS_DEPLOYMENT_TARGET = 15.4;
				MTL_ENABLE_DEBUG_INFO = NO;
				MTL_FAST_MATH = YES;
				SDKROOT = iphoneos;
				SWIFT_COMPILATION_MODE = wholemodule;
				SWIFT_OPTIMIZATION_LEVEL = "-O";
				VALIDATE_PRODUCT = YES;
			};
			name = Release;
		};
		D7889E522944A9FC0043D5FA /* Debug */ = {
			isa = XCBuildConfiguration;
			baseConfigurationReference = 4C7D234A3230FF23F573F3E9 /* Pods-CurrencyConverterApp.debug.xcconfig */;
			buildSettings = {
				ASSETCATALOG_COMPILER_APPICON_NAME = AppIcon;
				ASSETCATALOG_COMPILER_GLOBAL_ACCENT_COLOR_NAME = AccentColor;
				CODE_SIGN_STYLE = Automatic;
				CURRENT_PROJECT_VERSION = 1;
				DEVELOPMENT_TEAM = XX5A8FHGCD;
				GENERATE_INFOPLIST_FILE = YES;
				INFOPLIST_FILE = CurrencyConverterApp/Info.plist;
				INFOPLIST_KEY_NSMainNibFile = CurrencyRatesViewController;
				INFOPLIST_KEY_UIApplicationSupportsIndirectInputEvents = YES;
				INFOPLIST_KEY_UILaunchStoryboardName = LaunchScreen;
				INFOPLIST_KEY_UISupportedInterfaceOrientations_iPad = "UIInterfaceOrientationPortrait UIInterfaceOrientationPortraitUpsideDown UIInterfaceOrientationLandscapeLeft UIInterfaceOrientationLandscapeRight";
				INFOPLIST_KEY_UISupportedInterfaceOrientations_iPhone = "UIInterfaceOrientationPortrait UIInterfaceOrientationLandscapeLeft UIInterfaceOrientationLandscapeRight";
				LD_RUNPATH_SEARCH_PATHS = (
					"$(inherited)",
					"@executable_path/Frameworks",
				);
				MARKETING_VERSION = 1.0;
				PRODUCT_BUNDLE_IDENTIFIER = passant.CurrencyConverterApp;
				PRODUCT_NAME = "$(TARGET_NAME)";
				SWIFT_EMIT_LOC_STRINGS = YES;
				SWIFT_VERSION = 5.0;
				TARGETED_DEVICE_FAMILY = "1,2";
			};
			name = Debug;
		};
		D7889E532944A9FC0043D5FA /* Release */ = {
			isa = XCBuildConfiguration;
			baseConfigurationReference = 1469D40D0312DDBAD75106E8 /* Pods-CurrencyConverterApp.release.xcconfig */;
			buildSettings = {
				ASSETCATALOG_COMPILER_APPICON_NAME = AppIcon;
				ASSETCATALOG_COMPILER_GLOBAL_ACCENT_COLOR_NAME = AccentColor;
				CODE_SIGN_STYLE = Automatic;
				CURRENT_PROJECT_VERSION = 1;
				DEVELOPMENT_TEAM = XX5A8FHGCD;
				GENERATE_INFOPLIST_FILE = YES;
				INFOPLIST_FILE = CurrencyConverterApp/Info.plist;
				INFOPLIST_KEY_NSMainNibFile = CurrencyRatesViewController;
				INFOPLIST_KEY_UIApplicationSupportsIndirectInputEvents = YES;
				INFOPLIST_KEY_UILaunchStoryboardName = LaunchScreen;
				INFOPLIST_KEY_UISupportedInterfaceOrientations_iPad = "UIInterfaceOrientationPortrait UIInterfaceOrientationPortraitUpsideDown UIInterfaceOrientationLandscapeLeft UIInterfaceOrientationLandscapeRight";
				INFOPLIST_KEY_UISupportedInterfaceOrientations_iPhone = "UIInterfaceOrientationPortrait UIInterfaceOrientationLandscapeLeft UIInterfaceOrientationLandscapeRight";
				LD_RUNPATH_SEARCH_PATHS = (
					"$(inherited)",
					"@executable_path/Frameworks",
				);
				MARKETING_VERSION = 1.0;
				PRODUCT_BUNDLE_IDENTIFIER = passant.CurrencyConverterApp;
				PRODUCT_NAME = "$(TARGET_NAME)";
				SWIFT_EMIT_LOC_STRINGS = YES;
				SWIFT_VERSION = 5.0;
				TARGETED_DEVICE_FAMILY = "1,2";
			};
			name = Release;
		};
/* End XCBuildConfiguration section */

/* Begin XCConfigurationList section */
		D7889E382944A9FA0043D5FA /* Build configuration list for PBXProject "CurrencyConverterApp" */ = {
			isa = XCConfigurationList;
			buildConfigurations = (
				D7889E4F2944A9FC0043D5FA /* Debug */,
				D7889E502944A9FC0043D5FA /* Release */,
			);
			defaultConfigurationIsVisible = 0;
			defaultConfigurationName = Release;
		};
		D7889E512944A9FC0043D5FA /* Build configuration list for PBXNativeTarget "CurrencyConverterApp" */ = {
			isa = XCConfigurationList;
			buildConfigurations = (
				D7889E522944A9FC0043D5FA /* Debug */,
				D7889E532944A9FC0043D5FA /* Release */,
			);
			defaultConfigurationIsVisible = 0;
			defaultConfigurationName = Release;
		};
/* End XCConfigurationList section */
	};
	rootObject = D7889E352944A9FA0043D5FA /* Project object */;
}
